{
  "name": "research-log-api",
  "version": "1.0.0",
  "lockfileVersion": 3,
  "requires": true,
  "packages": {
    "": {
      "name": "research-log-api",
      "version": "1.0.0",
      "license": "ISC",
      "devDependencies": {
        "@types/node": "^25.9.1",
        "@types/office-js": "^1.0.591",
        "@types/office-js-preview": "^1.0.708",
        "typescript": "^6.0.3"
      }
    },
    "node_modules/@types/node": {
      "version": "25.9.1",
      "resolved": "https://registry.npmjs.org/@types/node/-/node-25.9.1.tgz",
      "integrity": "sha512-xfrlY7UD5rMJk3ZVJP8BNzS28J36YJg+xp+LPXV1TdWxr8uMH5A860QNxYDGQe/ylDSgjxE52Q9VnO7p75tJxg==",
      "dev": true,
      "license": "MIT",
      "dependencies": {
        "undici-types": ">=7.24.0 <7.24.7"
      }
    },
    "node_modules/@types/office-js": {
      "version": "1.0.591",
      "resolved": "https://registry.npmjs.org/@types/office-js/-/office-js-1.0.591.tgz",
      "integrity": "sha512-TuTza6qnE/21CvjozfH2wGXU/DSCLOCe21dQnIhgnS9+lGjTglBkz6cX+ZWa7ksulqdGZq5vekcrLsRYxQpufQ==",
      "dev": true,
      "license": "MIT"
    },
    "node_modules/@types/office-js-preview": {
      "version": "1.0.708",
      "resolved": "https://registry.npmjs.org/@types/office-js-preview/-/office-js-preview-1.0.708.tgz",
      "integrity": "sha512-sLAKJ+ECAK+y6Kx8Ta2bOxJq7yD5yY76KDOH1zyauTAH+6oHuCqadvhAvTco0ID2QZcaThbtfTm9ygVUvfGkkQ==",
      "dev": true,
      "license": "MIT"
    },
    "node_modules/typescript": {
      "version": "6.0.3",
      "resolved": "https://registry.npmjs.org/typescript/-/typescript-6.0.3.tgz",
      "integrity": "sha512-y2TvuxSZPDyQakkFRPZHKFm+KKVqIisdg9/CZwm9ftvKXLP8NRWj38/ODjNbr43SsoXqNuAisEf1GdCxqWcdBw==",
      "dev": true,
      "license": "Apache-2.0",
      "bin": {
        "tsc": "bin/tsc",
        "tsserver": "bin/tsserver"
      },
      "engines": {
        "node": ">=14.17"
      }
    },
    "node_modules/undici-types": {
      "version": "7.24.6",
      "resolved": "https://registry.npmjs.org/undici-types/-/undici-types-7.24.6.tgz",
      "integrity": "sha512-WRNW+sJgj5OBN4/0JpHFqtqzhpbnV0GuB+OozA9gCL7a993SmU+1JBZCzLNxYsbMfIeDL+lTsphD5jN5N+n0zg==",
      "dev": true,
      "license": "MIT"
    }
  }
}
